
Microsoft Visual Studio Solution File, Format Version 12.00
# Visual Studio Version 17
VisualStudioVersion = 17.11.35303.130
MinimumVisualStudioVersion = 10.0.40219.1
Project("{9A19103F-16F7-4668-BE54-9A1E7A4F7556}") = "CRUDApp", "CRUDApp\CRUDApp.csproj", "{812213F6-7BB5-4C89-809D-DB0E1915E6D2}"
EndProject
Project("{9A19103F-16F7-4668-BE54-9A1E7A4F7556}") = "Infrastructure", "Infrastructure\Infrastructure.csproj", "{C974C4D0-1EEA-4740-8249-6ED7688C26C1}"
EndProject
Project("{9A19103F-16F7-4668-BE54-9A1E7A4F7556}") = "Infrastructure.Migrations", "Infrastructure.Migrations\Infrastructure.Migrations.csproj", "{2C2D2591-8F1B-4FDF-B51A-28DAC4082CEA}"
EndProject
Project("{FAE04EC0-301F-11D3-BF4B-00C04F79EFBC}") = "Domain", "Domain\Domain.csproj", "{77CCE183-B03A-44D3-9B6B-596ABAABF89C}"
EndProject
Global
	GlobalSection(SolutionConfigurationPlatforms) = preSolution
		Debug|Any CPU = Debug|Any CPU
		Release|Any CPU = Release|Any CPU
	EndGlobalSection
	GlobalSection(ProjectConfigurationPlatforms) = postSolution
		{812213F6-7BB5-4C89-809D-DB0E1915E6D2}.Debug|Any CPU.ActiveCfg = Debug|Any CPU
		{812213F6-7BB5-4C89-809D-DB0E1915E6D2}.Debug|Any CPU.Build.0 = Debug|Any CPU
		{812213F6-7BB5-4C89-809D-DB0E1915E6D2}.Release|Any CPU.ActiveCfg = Release|Any CPU
		{812213F6-7BB5-4C89-809D-DB0E1915E6D2}.Release|Any CPU.Build.0 = Release|Any CPU
		{C974C4D0-1EEA-4740-8249-6ED7688C26C1}.Debug|Any CPU.ActiveCfg = Debug|Any CPU
		{C974C4D0-1EEA-4740-8249-6ED7688C26C1}.Debug|Any CPU.Build.0 = Debug|Any CPU
		{C974C4D0-1EEA-4740-8249-6ED7688C26C1}.Release|Any CPU.ActiveCfg = Release|Any CPU
		{C974C4D0-1EEA-4740-8249-6ED7688C26C1}.Release|Any CPU.Build.0 = Release|Any CPU
		{2C2D2591-8F1B-4FDF-B51A-28DAC4082CEA}.Debug|Any CPU.ActiveCfg = Debug|Any CPU
		{2C2D2591-8F1B-4FDF-B51A-28DAC4082CEA}.Debug|Any CPU.Build.0 = Debug|Any CPU
		{2C2D2591-8F1B-4FDF-B51A-28DAC4082CEA}.Release|Any CPU.ActiveCfg = Release|Any CPU
		{2C2D2591-8F1B-4FDF-B51A-28DAC4082CEA}.Release|Any CPU.Build.0 = Release|Any CPU
		{77CCE183-B03A-44D3-9B6B-596ABAABF89C}.Debug|Any CPU.ActiveCfg = Debug|Any CPU
		{77CCE183-B03A-44D3-9B6B-596ABAABF89C}.Debug|Any CPU.Build.0 = Debug|Any CPU
		{77CCE183-B03A-44D3-9B6B-596ABAABF89C}.Release|Any CPU.ActiveCfg = Release|Any CPU
		{77CCE183-B03A-44D3-9B6B-596ABAABF89C}.Release|Any CPU.Build.0 = Release|Any CPU
	EndGlobalSection
	GlobalSection(SolutionProperties) = preSolution
		HideSolutionNode = FALSE
	EndGlobalSection
	GlobalSection(ExtensibilityGlobals) = postSolution
		SolutionGuid = {564A8DCE-6A10-49B6-A24F-4E1432765A60}
	EndGlobalSection
EndGlobal
